
Microsoft Visual Studio Solution File, Format Version 12.00
# Visual Studio Version 16
VisualStudioVersion = 16.0.30225.117
MinimumVisualStudioVersion = 10.0.40219.1
Project("{FAE04EC0-301F-11D3-BF4B-00C04F79EFBC}") = "XFAgeAnalysis.Android", "XFAgeAnalysis\XFAgeAnalysis.Android\XFAgeAnalysis.Android.csproj", "{7188FFDE-4837-448B-A77D-A9437104A9ED}"
EndProject
Project("{FAE04EC0-301F-11D3-BF4B-00C04F79EFBC}") = "XFAgeAnalysis.iOS", "XFAgeAnalysis\XFAgeAnalysis.iOS\XFAgeAnalysis.iOS.csproj", "{890CCD06-949F-48BA-A9D1-F76B41A3DD92}"
EndProject
Project("{FAE04EC0-301F-11D3-BF4B-00C04F79EFBC}") = "XFAgeAnalysis", "XFAgeAnalysis\XFAgeAnalysis\XFAgeAnalysis.csproj", "{2AF3E3D6-6EAA-4E91-859C-C09BB84D68C6}"
EndProject
Global
	GlobalSection(SolutionConfigurationPlatforms) = preSolution
		Debug|Any CPU = Debug|Any CPU
		Debug|iPhone = Debug|iPhone
		Debug|iPhoneSimulator = Debug|iPhoneSimulator
		Release|Any CPU = Release|Any CPU
		Release|iPhone = Release|iPhone
		Release|iPhoneSimulator = Release|iPhoneSimulator
	EndGlobalSection
	GlobalSection(ProjectConfigurationPlatforms) = postSolution
		{7188FFDE-4837-448B-A77D-A9437104A9ED}.Debug|Any CPU.ActiveCfg = Debug|Any CPU
		{7188FFDE-4837-448B-A77D-A9437104A9ED}.Debug|Any CPU.Build.0 = Debug|Any CPU
		{7188FFDE-4837-448B-A77D-A9437104A9ED}.Debug|Any CPU.Deploy.0 = Debug|Any CPU
		{7188FFDE-4837-448B-A77D-A9437104A9ED}.Debug|iPhone.ActiveCfg = Debug|Any CPU
		{7188FFDE-4837-448B-A77D-A9437104A9ED}.Debug|iPhone.Build.0 = Debug|Any CPU
		{7188FFDE-4837-448B-A77D-A9437104A9ED}.Debug|iPhone.Deploy.0 = Debug|Any CPU
		{7188FFDE-4837-448B-A77D-A9437104A9ED}.Debug|iPhoneSimulator.ActiveCfg = Debug|Any CPU
		{7188FFDE-4837-448B-A77D-A9437104A9ED}.Debug|iPhoneSimulator.Build.0 = Debug|Any CPU
		{7188FFDE-4837-448B-A77D-A9437104A9ED}.Debug|iPhoneSimulator.Deploy.0 = Debug|Any CPU
		{7188FFDE-4837-448B-A77D-A9437104A9ED}.Release|Any CPU.ActiveCfg = Release|Any CPU
		{7188FFDE-4837-448B-A77D-A9437104A9ED}.Release|Any CPU.Build.0 = Release|Any CPU
		{7188FFDE-4837-448B-A77D-A9437104A9ED}.Release|Any CPU.Deploy.0 = Release|Any CPU
		{7188FFDE-4837-448B-A77D-A9437104A9ED}.Release|iPhone.ActiveCfg = Release|Any CPU
		{7188FFDE-4837-448B-A77D-A9437104A9ED}.Release|iPhone.Build.0 = Release|Any CPU
		{7188FFDE-4837-448B-A77D-A9437104A9ED}.Release|iPhone.Deploy.0 = Release|Any CPU
		{7188FFDE-4837-448B-A77D-A9437104A9ED}.Release|iPhoneSimulator.ActiveCfg = Release|Any CPU
		{7188FFDE-4837-448B-A77D-A9437104A9ED}.Release|iPhoneSimulator.Build.0 = Release|Any CPU
		{7188FFDE-4837-448B-A77D-A9437104A9ED}.Release|iPhoneSimulator.Deploy.0 = Release|Any CPU
		{890CCD06-949F-48BA-A9D1-F76B41A3DD92}.Debug|Any CPU.ActiveCfg = Debug|iPhone
		{890CCD06-949F-48BA-A9D1-F76B41A3DD92}.Debug|Any CPU.Build.0 = Debug|iPhone
		{890CCD06-949F-48BA-A9D1-F76B41A3DD92}.Debug|Any CPU.Deploy.0 = Debug|iPhone
		{890CCD06-949F-48BA-A9D1-F76B41A3DD92}.Debug|iPhone.ActiveCfg = Debug|iPhone
		{890CCD06-949F-48BA-A9D1-F76B41A3DD92}.Debug|iPhone.Build.0 = Debug|iPhone
		{890CCD06-949F-48BA-A9D1-F76B41A3DD92}.Debug|iPhone.Deploy.0 = Debug|iPhone
		{890CCD06-949F-48BA-A9D1-F76B41A3DD92}.Debug|iPhoneSimulator.ActiveCfg = Debug|iPhoneSimulator
		{890CCD06-949F-48BA-A9D1-F76B41A3DD92}.Debug|iPhoneSimulator.Build.0 = Debug|iPhoneSimulator
		{890CCD06-949F-48BA-A9D1-F76B41A3DD92}.Debug|iPhoneSimulator.Deploy.0 = Debug|iPhoneSimulator
		{890CCD06-949F-48BA-A9D1-F76B41A3DD92}.Release|Any CPU.ActiveCfg = Release|iPhone
		{890CCD06-949F-48BA-A9D1-F76B41A3DD92}.Release|Any CPU.Build.0 = Release|iPhone
		{890CCD06-949F-48BA-A9D1-F76B41A3DD92}.Release|Any CPU.Deploy.0 = Release|iPhone
		{890CCD06-949F-48BA-A9D1-F76B41A3DD92}.Release|iPhone.ActiveCfg = Release|iPhone
		{890CCD06-949F-48BA-A9D1-F76B41A3DD92}.Release|iPhone.Build.0 = Release|iPhone
		{890CCD06-949F-48BA-A9D1-F76B41A3DD92}.Release|iPhone.Deploy.0 = Release|iPhone
		{890CCD06-949F-48BA-A9D1-F76B41A3DD92}.Release|iPhoneSimulator.ActiveCfg = Release|iPhoneSimulator
		{890CCD06-949F-48BA-A9D1-F76B41A3DD92}.Release|iPhoneSimulator.Build.0 = Release|iPhoneSimulator
		{890CCD06-949F-48BA-A9D1-F76B41A3DD92}.Release|iPhoneSimulator.Deploy.0 = Release|iPhoneSimulator
		{2AF3E3D6-6EAA-4E91-859C-C09BB84D68C6}.Debug|Any CPU.ActiveCfg = Debug|Any CPU
		{2AF3E3D6-6EAA-4E91-859C-C09BB84D68C6}.Debug|Any CPU.Build.0 = Debug|Any CPU
		{2AF3E3D6-6EAA-4E91-859C-C09BB84D68C6}.Debug|Any CPU.Deploy.0 = Debug|Any CPU
		{2AF3E3D6-6EAA-4E91-859C-C09BB84D68C6}.Debug|iPhone.ActiveCfg = Debug|Any CPU
		{2AF3E3D6-6EAA-4E91-859C-C09BB84D68C6}.Debug|iPhone.Build.0 = Debug|Any CPU
		{2AF3E3D6-6EAA-4E91-859C-C09BB84D68C6}.Debug|iPhone.Deploy.0 = Debug|Any CPU
		{2AF3E3D6-6EAA-4E91-859C-C09BB84D68C6}.Debug|iPhoneSimulator.ActiveCfg = Debug|Any CPU
		{2AF3E3D6-6EAA-4E91-859C-C09BB84D68C6}.Debug|iPhoneSimulator.Build.0 = Debug|Any CPU
		{2AF3E3D6-6EAA-4E91-859C-C09BB84D68C6}.Debug|iPhoneSimulator.Deploy.0 = Debug|Any CPU
		{2AF3E3D6-6EAA-4E91-859C-C09BB84D68C6}.Release|Any CPU.ActiveCfg = Release|Any CPU
		{2AF3E3D6-6EAA-4E91-859C-C09BB84D68C6}.Release|Any CPU.Build.0 = Release|Any CPU
		{2AF3E3D6-6EAA-4E91-859C-C09BB84D68C6}.Release|Any CPU.Deploy.0 = Release|Any CPU
		{2AF3E3D6-6EAA-4E91-859C-C09BB84D68C6}.Release|iPhone.ActiveCfg = Release|Any CPU
		{2AF3E3D6-6EAA-4E91-859C-C09BB84D68C6}.Release|iPhone.Build.0 = Release|Any CPU
		{2AF3E3D6-6EAA-4E91-859C-C09BB84D68C6}.Release|iPhone.Deploy.0 = Release|Any CPU
		{2AF3E3D6-6EAA-4E91-859C-C09BB84D68C6}.Release|iPhoneSimulator.ActiveCfg = Release|Any CPU
		{2AF3E3D6-6EAA-4E91-859C-C09BB84D68C6}.Release|iPhoneSimulator.Build.0 = Release|Any CPU
		{2AF3E3D6-6EAA-4E91-859C-C09BB84D68C6}.Release|iPhoneSimulator.Deploy.0 = Release|Any CPU
	EndGlobalSection
	GlobalSection(SolutionProperties) = preSolution
		HideSolutionNode = FALSE
	EndGlobalSection
	GlobalSection(ExtensibilityGlobals) = postSolution
		SolutionGuid = {7AA3B92E-71E4-4827-A755-2DAAA3C997EA}
	EndGlobalSection
EndGlobal
